{
  "name": "conduit-app",
  "version": "1.0.0",
  "lockfileVersion": 1,
  "requires": true,
  "dependencies": {
    "@polymer/polymer": {
      "version": "3.3.1",
      "resolved": "https://registry.npmjs.org/@polymer/polymer/-/polymer-3.3.1.tgz",
      "integrity": "sha512-8KaB48tzyMjdsHdxo5KvCAaqmTe7rYDzQAoj/pyEfq9Fp4YfUaS+/xqwYj0GbiDAUNzwkmEQ7dw9cgnRNdKO8A==",
      "requires": {
        "@webcomponents/shadycss": "^1.9.1"
      }
    },
    "@vaadin/router": {
      "version": "1.6.0",
      "resolved": "https://registry.npmjs.org/@vaadin/router/-/router-1.6.0.tgz",
      "integrity": "sha512-uBmk84cSQt4BwFJE/n3SutAd3TSzUceQsbMIN3ss9bjuhAcSXPJoX39uaUiQrAtdz44TlveEzYuzNgPStQqWmA==",
      "requires": {
        "@vaadin/vaadin-usage-statistics": "^2.1.0",
        "path-to-regexp": "2.4.0"
      }
    },
    "@vaadin/vaadin-development-mode-detector": {
      "version": "2.0.4",
      "resolved": "https://registry.npmjs.org/@vaadin/vaadin-development-mode-detector/-/vaadin-development-mode-detector-2.0.4.tgz",
      "integrity": "sha512-S+PaFrZpK8uBIOnIHxjntTrgumd5ztuCnZww96ydGKXgo9whXfZsbMwDuD/102a/IuPUMyF+dh/n3PbWzJ6igA=="
    },
    "@vaadin/vaadin-usage-statistics": {
      "version": "2.1.0",
      "resolved": "https://registry.npmjs.org/@vaadin/vaadin-usage-statistics/-/vaadin-usage-statistics-2.1.0.tgz",
      "integrity": "sha512-e81nbqY5zsaYhLJuOVkJkB/Um1pGK5POIqIlTNhUfjeoyGaJ63tiX8+D5n6F+GgVxUTLUarsKa6SKRcQel0AzA==",
      "requires": {
        "@vaadin/vaadin-development-mode-detector": "^2.0.0"
      }
    },
    "@webcomponents/shadycss": {
      "version": "1.9.4",
      "resolved": "https://registry.npmjs.org/@webcomponents/shadycss/-/shadycss-1.9.4.tgz",
      "integrity": "sha512-tgNcVEaKssyeZPbUBjVQf4aryO5Fi7fxRvOxV982ZJuRVDcefmIblBh0SXAbcvAAlQ2zpNEP4SuQUnr8uApIpw=="
    },
    "@webcomponents/webcomponentsjs": {
      "version": "2.4.1",
      "resolved": "https://registry.npmjs.org/@webcomponents/webcomponentsjs/-/webcomponentsjs-2.4.1.tgz",
      "integrity": "sha512-7jxBb+KoWncKb/JGFyTY40PjV4yRx2zd35ZLuvRP+6WndJDL7X32ZIZ7bN3sSQIl+NzJkCo7chfXJyzn+6WZaQ=="
    },
    "js-tokens": {
      "version": "4.0.0",
      "resolved": "https://registry.npmjs.org/js-tokens/-/js-tokens-4.0.0.tgz",
      "integrity": "sha512-RdJUflcE3cUzKiMqQgsCu06FPu9UdIJO0beYbPhHN4k6apgJtifcoCtT9bcxOpYBtpD2kCM6Sbzg4CausW/PKQ=="
    },
    "lit-element": {
      "version": "2.2.1",
      "resolved": "https://registry.npmjs.org/lit-element/-/lit-element-2.2.1.tgz",
      "integrity": "sha512-ipDcgQ1EpW6Va2Z6dWm79jYdimVepO5GL0eYkZrFvdr0OD/1N260Q9DH+K5HXHFrRoC7dOg+ZpED2XE0TgGdXw==",
      "requires": {
        "lit-html": "^1.0.0"
      }
    },
    "lit-element-router": {
      "version": "2.0.0-rc.16",
      "resolved": "https://registry.npmjs.org/lit-element-router/-/lit-element-router-2.0.0-rc.16.tgz",
      "integrity": "sha512-ktJBMCknxvUYpzapUhi2yOP11xwanFhehGfXRTm6i9eKXSD/HrxbHTD1VNH/CVD1D5W7G8WsS2ihZPaB01OuVw=="
    },
    "lit-html": {
      "version": "1.1.2",
      "resolved": "https://registry.npmjs.org/lit-html/-/lit-html-1.1.2.tgz",
      "integrity": "sha512-FFlUMKHKi+qG1x1iHNZ1hrtc/zHmfYTyrSvs3/wBTvaNtpZjOZGWzU7efGYVpgp6KvWeKF6ql9/KsCq6Z/mEDA=="
    },
    "loose-envify": {
      "version": "1.4.0",
      "resolved": "https://registry.npmjs.org/loose-envify/-/loose-envify-1.4.0.tgz",
      "integrity": "sha512-lyuxPGr/Wfhrlem2CL/UcnUc1zcqKAImBDzukY7Y5F/yQiNdko6+fRLevlw1HgMySw7f611UIY408EtxRSoK3Q==",
      "requires": {
        "js-tokens": "^3.0.0 || ^4.0.0"
      }
    },
    "path-to-regexp": {
      "version": "2.4.0",
      "resolved": "https://registry.npmjs.org/path-to-regexp/-/path-to-regexp-2.4.0.tgz",
      "integrity": "sha512-G6zHoVqC6GGTQkZwF4lkuEyMbVOjoBKAEybQUypI1WTkqinCOrq2x6U2+phkJ1XsEMTy4LjtwPI7HW+NVrRR2w=="
    },
    "pwa-helpers": {
      "version": "0.9.1",
      "resolved": "https://registry.npmjs.org/pwa-helpers/-/pwa-helpers-0.9.1.tgz",
      "integrity": "sha512-4sP/C9sSxQ3w80AATmvCEI3R+MHzCwr2RSZEbLyMkeJgV3cRk7ySZRUrQnBDSA7A0/z6dkYtjuXlkhN1ZFw3iA=="
    },
    "redux": {
      "version": "4.0.5",
      "resolved": "https://registry.npmjs.org/redux/-/redux-4.0.5.tgz",
      "integrity": "sha512-VSz1uMAH24DM6MF72vcojpYPtrTUu3ByVWfPL1nPfVRb5mZVTve5GnNCUV53QM/BZ66xfWrm0CTWoM+Xlz8V1w==",
      "requires": {
        "loose-envify": "^1.4.0",
        "symbol-observable": "^1.2.0"
      }
    },
    "redux-thunk": {
      "version": "2.3.0",
      "resolved": "https://registry.npmjs.org/redux-thunk/-/redux-thunk-2.3.0.tgz",
      "integrity": "sha512-km6dclyFnmcvxhAcrQV2AkZmPQjzPDjgVlQtR0EQjxZPyJ0BnMf3in1ryuR8A2qU0HldVRfxYXbFSKlI3N7Slw=="
    },
    "reselect": {
      "version": "4.0.0",
      "resolved": "https://registry.npmjs.org/reselect/-/reselect-4.0.0.tgz",
      "integrity": "sha512-qUgANli03jjAyGlnbYVAV5vvnOmJnODyABz51RdBN7M4WaVu8mecZWgyQNkG8Yqe3KRGRt0l4K4B3XVEULC4CA=="
    },
    "symbol-observable": {
      "version": "1.2.0",
      "resolved": "https://registry.npmjs.org/symbol-observable/-/symbol-observable-1.2.0.tgz",
      "integrity": "sha512-e900nM8RRtGhlV36KGEU9k65K3mPb1WV70OdjfxlG2EAuM1noi/E/BaW/uMhL7bPEssK8QV57vN3esixjUvcXQ=="
    }
  }
}
